# THIS IS AN AUTOGENERATED FILE. DO NOT EDIT THIS FILE DIRECTLY.
# yarn lockfile v1


"@inquirer/ansi@^2.0.5":
  version "2.0.5"
  resolved "https://registry.yarnpkg.com/@inquirer/ansi/-/ansi-2.0.5.tgz#7b7e121f6a0c40128711daf20325e6ff2cdff8b7"
  integrity sha512-doc2sWgJpbFQ64UflSVd17ibMGDuxO1yKgOgLMwavzESnXjFWJqUeG8saYosqKpHp4kWiM5x1nXvEjbpx90gzw==

"@inquirer/checkbox@^5.1.4":
  version "5.1.4"
  resolved "https://registry.yarnpkg.com/@inquirer/checkbox/-/checkbox-5.1.4.tgz#dd209aec1a37cb2e0bfa1ee216b310176d3c6dbf"
  integrity sha512-w6KF8ZYRvqHhROkOTHXYC3qIV/KYEu5o12oLqQySvch61vrYtRxNSHTONSdJqWiFJPlCUQAHT5OgOIyuTr+MHQ==
  dependencies:
    "@inquirer/ansi" "^2.0.5"
    "@inquirer/core" "^11.1.9"
    "@inquirer/figures" "^2.0.5"
    "@inquirer/type" "^4.0.5"

"@inquirer/confirm@^6.0.12":
  version "6.0.12"
  resolved "https://registry.yarnpkg.com/@inquirer/confirm/-/confirm-6.0.12.tgz#7a317aec813214cec2f5339b9fa0926c20bf0dbe"
  integrity sha512-h9FgGun3QwVYNj5TWIZZ+slii73bMoBFjPfVIGtnFuL4t8gBiNDV9PcSfIzkuxvgquJKt9nr1QzszpBzTbH8Og==
  dependencies:
    "@inquirer/core" "^11.1.9"
    "@inquirer/type" "^4.0.5"

"@inquirer/core@^11.1.9":
  version "11.1.9"
  resolved "https://registry.yarnpkg.com/@inquirer/core/-/core-11.1.9.tgz#97f099f5217f50f168c12db00ac07f51ab550fbb"
  integrity sha512-BDE4fG22uYh1bGSifcj7JSx119TVYNViMhMu85usp4Fswrzh6M0DV3yld64jA98uOAa2GSQ4Bg4bZRm2d2cwSg==
  dependencies:
    "@inquirer/ansi" "^2.0.5"
    "@inquirer/figures" "^2.0.5"
    "@inquirer/type" "^4.0.5"
    cli-width "^4.1.0"
    fast-wrap-ansi "^0.2.0"
    mute-stream "^3.0.0"
    signal-exit "^4.1.0"

"@inquirer/editor@^5.1.1":
  version "5.1.1"
  resolved "https://registry.yarnpkg.com/@inquirer/editor/-/editor-5.1.1.tgz#dd36105ee655c1951f3300f84a2ed0bb188e3b1b"
  integrity sha512-6y11LgmNpmn5D2aB5FgnCfBUBK8ZstwLCalyJmORcJZ/WrhOjm16mu6eSqIx8DnErxDqSLr+Jkp+GP8/Nwd5tA==
  dependencies:
    "@inquirer/core" "^11.1.9"
    "@inquirer/external-editor" "^3.0.0"
    "@inquirer/type" "^4.0.5"

"@inquirer/expand@^5.0.13":
  version "5.0.13"
  resolved "https://registry.yarnpkg.com/@inquirer/expand/-/expand-5.0.13.tgz#86f1310d6dd389e8f94af8781b8ca62ed8e53f0d"
  integrity sha512-dF2zvrFo9LshkcB23/O1il13kBkBltWIXzut1evfbuBLXMiGIuC45c+ZQ0uukjCDsvI8OWqun4FRYMnzFCQa3g==
  dependencies:
    "@inquirer/core" "^11.1.9"
    "@inquirer/type" "^4.0.5"

"@inquirer/external-editor@^3.0.0":
  version "3.0.0"
  resolved "https://registry.yarnpkg.com/@inquirer/external-editor/-/external-editor-3.0.0.tgz#915e7d3f808e3d2213c4fe0f525dcd7ea890e78a"
  integrity sha512-lDSwMgg+M5rq6JKBYaJwSX6T9e/HK2qqZ1oxmOwn4AQoJE5D+7TumsxLGC02PWS//rkIVqbZv3XA3ejsc9FYvg==
  dependencies:
    chardet "^2.1.1"
    iconv-lite "^0.7.2"

"@inquirer/figures@^2.0.5":
  version "2.0.5"
  resolved "https://registry.yarnpkg.com/@inquirer/figures/-/figures-2.0.5.tgz#d12f4889ac6ea7731ebc52bd9c066ca51d8fdee7"
  integrity sha512-NsSs4kzfm12lNetHwAn3GEuH317IzpwrMCbOuMIVytpjnJ90YYHNwdRgYGuKmVxwuIqSgqk3M5qqQt1cDk0tGQ==

"@inquirer/input@^5.0.12":
  version "5.0.12"
  resolved "https://registry.yarnpkg.com/@inquirer/input/-/input-5.0.12.tgz#3da22915b88867b0474d2ca6306616e38ba3942d"
  integrity sha512-uiMFBl4LqFzJClh80Q3f9hbOFJ6kgkDWI4LjAeBuyO6EanVVMF69AgOvpi1qdqjDSjDN6578B6nky9ceEpI+1Q==
  dependencies:
    "@inquirer/core" "^11.1.9"
    "@inquirer/type" "^4.0.5"

"@inquirer/number@^4.0.12":
  version "4.0.12"
  resolved "https://registry.yarnpkg.com/@inquirer/number/-/number-4.0.12.tgz#964a68783c55fc2a9a0bce5a0ebd6f17818a79a6"
  integrity sha512-/vrwhEf7Xsuh+YlHF4IjSy3g1cyrQuPaSiHIxCEbLu8qnfvrcvJyCkoktOOF+xV9gSb77/G0n3h04RbMDW2sIg==
  dependencies:
    "@inquirer/core" "^11.1.9"
    "@inquirer/type" "^4.0.5"

"@inquirer/password@^5.0.12":
  version "5.0.12"
  resolved "https://registry.yarnpkg.com/@inquirer/password/-/password-5.0.12.tgz#c1dcf197258a8cfba800325b78287fa55a5a3ef8"
  integrity sha512-CBh7YHju623lxJRcAOo498ZUwIuMy63bqW/vVq0tQAZVv+lkWlHkP9ealYE1utWSisEShY5VMdzIXRmyEODzcQ==
  dependencies:
    "@inquirer/ansi" "^2.0.5"
    "@inquirer/core" "^11.1.9"
    "@inquirer/type" "^4.0.5"

"@inquirer/prompts@^8.4.2":
  version "8.4.2"
  resolved "https://registry.yarnpkg.com/@inquirer/prompts/-/prompts-8.4.2.tgz#725131d95853b2afe610bdbd945ca10f093a1de8"
  integrity sha512-XJmn/wY4AX56l1BRU+ZjDrFtg9+2uBEi4JvJQj82kwJDQKiPgSn4CEsbfGGygS4Gw6rkL4W18oATjfVfaqub2Q==
  dependencies:
    "@inquirer/checkbox" "^5.1.4"
    "@inquirer/confirm" "^6.0.12"
    "@inquirer/editor" "^5.1.1"
    "@inquirer/expand" "^5.0.13"
    "@inquirer/input" "^5.0.12"
    "@inquirer/number" "^4.0.12"
    "@inquirer/password" "^5.0.12"
    "@inquirer/rawlist" "^5.2.8"
    "@inquirer/search" "^4.1.8"
    "@inquirer/select" "^5.1.4"

"@inquirer/rawlist@^5.2.8":
  version "5.2.8"
  resolved "https://registry.yarnpkg.com/@inquirer/rawlist/-/rawlist-5.2.8.tgz#38e17d3967cbe03555a8bfff405d01fe6bfee6da"
  integrity sha512-Su7FQvp5buZmCymN3PPoYv31ZQQX4ve2j02k7piGgKAWgE+AQRB5YoYVveGXcl3TZ9ldgRMSxj56YfDFmmaqLg==
  dependencies:
    "@inquirer/core" "^11.1.9"
    "@inquirer/type" "^4.0.5"

"@inquirer/search@^4.1.8":
  version "4.1.8"
  resolved "https://registry.yarnpkg.com/@inquirer/search/-/search-4.1.8.tgz#1ff32d80ac0859772bd9c38fbccc82818862ee85"
  integrity sha512-fGiHKGD6DyPIYUWxoXnQTeXeyYqSOUrasDMABBmMHUalH/LxkuzY0xVRtimXAt1sUeeyYkVuKQx1bebMuN11Kw==
  dependencies:
    "@inquirer/core" "^11.1.9"
    "@inquirer/figures" "^2.0.5"
    "@inquirer/type" "^4.0.5"

"@inquirer/select@^5.1.4":
  version "5.1.4"
  resolved "https://registry.yarnpkg.com/@inquirer/select/-/select-5.1.4.tgz#651374b766a8c38157975257f23732e8bc689452"
  integrity sha512-2kWcGKPMLAXAWRp1AH1SLsQmX+j0QjeljyXMUji9WMZC8nRDO0b7qquIGr6143E7KMLt3VAIGNXzwa/6PXQs4Q==
  dependencies:
    "@inquirer/ansi" "^2.0.5"
    "@inquirer/core" "^11.1.9"
    "@inquirer/figures" "^2.0.5"
    "@inquirer/type" "^4.0.5"

"@inquirer/type@^4.0.5":
  version "4.0.5"
  resolved "https://registry.yarnpkg.com/@inquirer/type/-/type-4.0.5.tgz#a02d90e5da8a36dce27ac8e7237a50c99a9003a3"
  integrity sha512-aetVUNeKNc/VriqXlw1NRSW0zhMBB0W4bNbWRJgzRl/3d0QNDQFfk0GO5SDdtjMZVg6o8ZKEiadd7SCCzoOn5Q==

chardet@^2.1.1:
  version "2.1.1"
  resolved "https://registry.yarnpkg.com/chardet/-/chardet-2.1.1.tgz#5c75593704a642f71ee53717df234031e65373c8"
  integrity sha512-PsezH1rqdV9VvyNhxxOW32/d75r01NY7TQCmOqomRo15ZSOKbpTFVsfjghxo6JloQUCGnH4k1LGu0R4yCLlWQQ==

cli-width@^4.1.0:
  version "4.1.0"
  resolved "https://registry.yarnpkg.com/cli-width/-/cli-width-4.1.0.tgz#42daac41d3c254ef38ad8ac037672130173691c5"
  integrity sha512-ouuZd4/dm2Sw5Gmqy6bGyNNNe1qt9RpmxveLSO7KcgsTnU7RXfsw+/bukWGo1abgBiMAic068rclZsO4IWmmxQ==

fast-string-truncated-width@^3.0.2:
  version "3.0.3"
  resolved "https://registry.yarnpkg.com/fast-string-truncated-width/-/fast-string-truncated-width-3.0.3.tgz#23afe0da67d752ca0727538f1e6967759728ce49"
  integrity sha512-0jjjIEL6+0jag3l2XWWizO64/aZVtpiGE3t0Zgqxv0DPuxiMjvB3M24fCyhZUO4KomJQPj3LTSUnDP3GpdwC0g==

fast-string-width@^3.0.2:
  version "3.0.2"
  resolved "https://registry.yarnpkg.com/fast-string-width/-/fast-string-width-3.0.2.tgz#16dbabb491ce5585b5ecb675b65c165d71688eeb"
  integrity sha512-gX8LrtNEI5hq8DVUfRQMbr5lpaS4nMIWV+7XEbXk2b8kiQIizgnlr12B4dA3ZEx3308ze0O4Q1R+cHts8kyUJg==
  dependencies:
    fast-string-truncated-width "^3.0.2"

fast-wrap-ansi@^0.2.0:
  version "0.2.0"
  resolved "https://registry.yarnpkg.com/fast-wrap-ansi/-/fast-wrap-ansi-0.2.0.tgz#c0ae3f3982d061c3d657ec927196fbb47e22fe64"
  integrity sha512-rLV8JHxTyhVmFYhBJuMujcrHqOT2cnO5Zxj37qROj23CP39GXubJRBUFF0z8KFK77Uc0SukZUf7JZhsVEQ6n8w==
  dependencies:
    fast-string-width "^3.0.2"

iconv-lite@^0.7.2:
  version "0.7.2"
  resolved "https://registry.yarnpkg.com/iconv-lite/-/iconv-lite-0.7.2.tgz#d0bdeac3f12b4835b7359c2ad89c422a4d1cc72e"
  integrity sha512-im9DjEDQ55s9fL4EYzOAv0yMqmMBSZp6G0VvFyTMPKWxiSBHUj9NW/qqLmXUwXrrM7AvqSlTCfvqRb0cM8yYqw==
  dependencies:
    safer-buffer ">= 2.1.2 < 3.0.0"

mute-stream@^3.0.0:
  version "3.0.0"
  resolved "https://registry.yarnpkg.com/mute-stream/-/mute-stream-3.0.0.tgz#cd8014dd2acb72e1e91bb67c74f0019e620ba2d1"
  integrity sha512-dkEJPVvun4FryqBmZ5KhDo0K9iDXAwn08tMLDinNdRBNPcYEDiWYysLcc6k3mjTMlbP9KyylvRpd4wFtwrT9rw==

"safer-buffer@>= 2.1.2 < 3.0.0":
  version "2.1.2"
  resolved "https://registry.yarnpkg.com/safer-buffer/-/safer-buffer-2.1.2.tgz#44fa161b0187b9549dd84bb91802f9bd8385cd6a"
  integrity sha512-YZo3K82SD7Riyi0E1EQPojLz7kpepnSQI9IyPbHHg1XXXevb5dJI7tpyN2ADxGcQbHG7vcyRHk0cbwqcQriUtg==

signal-exit@^4.1.0:
  version "4.1.0"
  resolved "https://registry.yarnpkg.com/signal-exit/-/signal-exit-4.1.0.tgz#952188c1cbd546070e2dd20d0f41c0ae0530cb04"
  integrity sha512-bzyZ1e88w9O1iNJbKnOlvYTrWPDl46O1bG0D3XInv+9tkPrxrN8jUUTiFlDkkmKWgn1M6CfIA13SuGqOa9Korw==
